
Microsoft Visual Studio Solution File, Format Version 12.00
# Visual Studio Version 17
VisualStudioVersion = 17.13.35931.197 d17.13
MinimumVisualStudioVersion = 10.0.40219.1
Project("{FAE04EC0-301F-11D3-BF4B-00C04F79EFBC}") = "PractiseProject", "PractiseProject\PractiseProject.csproj", "{20BEAD07-51C8-4C70-AB1C-D8AE966D3922}"
EndProject
Project("{FAE04EC0-301F-11D3-BF4B-00C04F79EFBC}") = "Domain", "Controller\Domain.csproj", "{7AF1CC5E-8320-415E-ADE7-DE520AA64AFA}"
EndProject
Global
	GlobalSection(SolutionConfigurationPlatforms) = preSolution
		Debug|Any CPU = Debug|Any CPU
		Release|Any CPU = Release|Any CPU
	EndGlobalSection
	GlobalSection(ProjectConfigurationPlatforms) = postSolution
		{20BEAD07-51C8-4C70-AB1C-D8AE966D3922}.Debug|Any CPU.ActiveCfg = Debug|Any CPU
		{20BEAD07-51C8-4C70-AB1C-D8AE966D3922}.Debug|Any CPU.Build.0 = Debug|Any CPU
		{20BEAD07-51C8-4C70-AB1C-D8AE966D3922}.Release|Any CPU.ActiveCfg = Release|Any CPU
		{20BEAD07-51C8-4C70-AB1C-D8AE966D3922}.Release|Any CPU.Build.0 = Release|Any CPU
		{7AF1CC5E-8320-415E-ADE7-DE520AA64AFA}.Debug|Any CPU.ActiveCfg = Debug|Any CPU
		{7AF1CC5E-8320-415E-ADE7-DE520AA64AFA}.Debug|Any CPU.Build.0 = Debug|Any CPU
		{7AF1CC5E-8320-415E-ADE7-DE520AA64AFA}.Release|Any CPU.ActiveCfg = Release|Any CPU
		{7AF1CC5E-8320-415E-ADE7-DE520AA64AFA}.Release|Any CPU.Build.0 = Release|Any CPU
	EndGlobalSection
	GlobalSection(SolutionProperties) = preSolution
		HideSolutionNode = FALSE
	EndGlobalSection
	GlobalSection(ExtensibilityGlobals) = postSolution
		SolutionGuid = {FF63AB8A-EEB2-4EFA-A1DB-AA3EE9FF0803}
	EndGlobalSection
EndGlobal
